
Microsoft Visual Studio Solution File, Format Version 12.00
# Visual Studio Version 16
VisualStudioVersion = 16.0.28803.352
MinimumVisualStudioVersion = 10.0.40219.1
Project("{9A19103F-16F7-4668-BE54-9A1E7A4F7556}") = "Pagina74", "Pagina74\Pagina74.csproj", "{B78C3B09-B2C7-43AF-A9A9-28506688327B}"
EndProject
Project("{9A19103F-16F7-4668-BE54-9A1E7A4F7556}") = "Pa74-Ej2", "..\Pa74-Ej2\Pa74-Ej2\Pa74-Ej2.csproj", "{BC1981FC-C469-428F-AEF5-4AB7FD94CDE0}"
EndProject
Project("{9A19103F-16F7-4668-BE54-9A1E7A4F7556}") = "Pa74_Ej3", "..\Pa74_Ej3\Pa74_Ej3\Pa74_Ej3.csproj", "{AADA5DE1-6663-41DC-83FF-6C6EF937ADDA}"
EndProject
Project("{9A19103F-16F7-4668-BE54-9A1E7A4F7556}") = "Pa98-Eje1", "..\Pa98-Eje1\Pa98-Eje1\Pa98-Eje1.csproj", "{2924E05F-2F10-4777-953A-AA3B90183F4A}"
EndProject
Project("{9A19103F-16F7-4668-BE54-9A1E7A4F7556}") = "Pa98-Eje2", "..\Pa98-Eje2\Pa98-Eje2\Pa98-Eje2.csproj", "{EA313899-EDCC-41E2-A874-B27DEE9D9F20}"
EndProject
Project("{9A19103F-16F7-4668-BE54-9A1E7A4F7556}") = "Pa98-Eje3", "..\Pa98-Eje3\Pa98-Eje3\Pa98-Eje3.csproj", "{F3C5094D-0D3E-4063-8025-00EAF35DD873}"
EndProject
Project("{9A19103F-16F7-4668-BE54-9A1E7A4F7556}") = "Pa124-Ej1", "..\Pa124-Ej1\Pa124-Ej1\Pa124-Ej1.csproj", "{2F04B6CE-0BCE-44FA-9AF1-0D6A869FDAA4}"
EndProject
Project("{9A19103F-16F7-4668-BE54-9A1E7A4F7556}") = "Pa124-Eje2", "..\Pa124-Eje2\Pa124-Eje2\Pa124-Eje2.csproj", "{293BD1AE-6CC9-4FBB-8366-98CA9E314B1A}"
EndProject
Project("{9A19103F-16F7-4668-BE54-9A1E7A4F7556}") = "Pa124-Ej3", "..\Pa124-Ej3\Pa124-Ej3\Pa124-Ej3.csproj", "{5C7871B1-BE1A-4A10-A8C2-08A5CFD58D1A}"
EndProject
Project("{9A19103F-16F7-4668-BE54-9A1E7A4F7556}") = "Pa124-Ej4", "..\Pa124-Ej4\Pa124-Ej4\Pa124-Ej4.csproj", "{B29857B4-A6DC-421C-8415-ED80C0377FC3}"
EndProject
Project("{9A19103F-16F7-4668-BE54-9A1E7A4F7556}") = "Pa124-Ej5", "..\Pa124-Ej5\Pa124-Ej5\Pa124-Ej5.csproj", "{8F98DD50-9ADB-423C-B03F-6C11DDBA9DEA}"
EndProject
Project("{9A19103F-16F7-4668-BE54-9A1E7A4F7556}") = "Pa124-Ej6", "..\Pa124-Ej6\Pa124-Ej6\Pa124-Ej6.csproj", "{3311C7B7-1FF4-4188-A9B5-98572A8E042E}"
EndProject
Project("{9A19103F-16F7-4668-BE54-9A1E7A4F7556}") = "Pa159-Ej1", "Pa159-Ej1\Pa159-Ej1.csproj", "{843CCFB4-0E21-45A2-844C-9380810A02D1}"
EndProject
Project("{FAE04EC0-301F-11D3-BF4B-00C04F79EFBC}") = "Pa74-Ej4", "..\Pa74_Ej4\Pa74-Ej4.csproj", "{5B476F4A-8CE3-4927-89F0-AB5370635805}"
EndProject
Project("{FAE04EC0-301F-11D3-BF4B-00C04F79EFBC}") = "Pa159-Ej2", "Pa159-Ej2\Pa159-Ej2.csproj", "{D04E906C-99D3-45A7-98DD-3F31AE13B3DC}"
EndProject
Project("{FAE04EC0-301F-11D3-BF4B-00C04F79EFBC}") = "Pa159-Ej3", "Pa159-Ej3\Pa159-Ej3.csproj", "{E292E4E0-D6DB-4246-B7C3-F963490B2AD0}"
EndProject
Project("{FAE04EC0-301F-11D3-BF4B-00C04F79EFBC}") = "Pa159-Ej4", "Pa159-Ej4\Pa159-Ej4.csproj", "{698A5563-4000-4871-AEE6-07B66F9031CC}"
EndProject
Project("{FAE04EC0-301F-11D3-BF4B-00C04F79EFBC}") = "Pa159-Ej5", "Pa159-Ej5\Pa159-Ej5.csproj", "{1AB52E55-0831-453A-9FE8-40C19EF15817}"
EndProject
Global
	GlobalSection(SolutionConfigurationPlatforms) = preSolution
		Debug|Any CPU = Debug|Any CPU
		Release|Any CPU = Release|Any CPU
	EndGlobalSection
	GlobalSection(ProjectConfigurationPlatforms) = postSolution
		{B78C3B09-B2C7-43AF-A9A9-28506688327B}.Debug|Any CPU.ActiveCfg = Debug|Any CPU
		{B78C3B09-B2C7-43AF-A9A9-28506688327B}.Debug|Any CPU.Build.0 = Debug|Any CPU
		{B78C3B09-B2C7-43AF-A9A9-28506688327B}.Release|Any CPU.ActiveCfg = Release|Any CPU
		{B78C3B09-B2C7-43AF-A9A9-28506688327B}.Release|Any CPU.Build.0 = Release|Any CPU
		{BC1981FC-C469-428F-AEF5-4AB7FD94CDE0}.Debug|Any CPU.ActiveCfg = Debug|Any CPU
		{BC1981FC-C469-428F-AEF5-4AB7FD94CDE0}.Debug|Any CPU.Build.0 = Debug|Any CPU
		{BC1981FC-C469-428F-AEF5-4AB7FD94CDE0}.Release|Any CPU.ActiveCfg = Release|Any CPU
		{BC1981FC-C469-428F-AEF5-4AB7FD94CDE0}.Release|Any CPU.Build.0 = Release|Any CPU
		{AADA5DE1-6663-41DC-83FF-6C6EF937ADDA}.Debug|Any CPU.ActiveCfg = Debug|Any CPU
		{AADA5DE1-6663-41DC-83FF-6C6EF937ADDA}.Debug|Any CPU.Build.0 = Debug|Any CPU
		{AADA5DE1-6663-41DC-83FF-6C6EF937ADDA}.Release|Any CPU.ActiveCfg = Release|Any CPU
		{AADA5DE1-6663-41DC-83FF-6C6EF937ADDA}.Release|Any CPU.Build.0 = Release|Any CPU
		{2924E05F-2F10-4777-953A-AA3B90183F4A}.Debug|Any CPU.ActiveCfg = Debug|Any CPU
		{2924E05F-2F10-4777-953A-AA3B90183F4A}.Debug|Any CPU.Build.0 = Debug|Any CPU
		{2924E05F-2F10-4777-953A-AA3B90183F4A}.Release|Any CPU.ActiveCfg = Release|Any CPU
		{2924E05F-2F10-4777-953A-AA3B90183F4A}.Release|Any CPU.Build.0 = Release|Any CPU
		{EA313899-EDCC-41E2-A874-B27DEE9D9F20}.Debug|Any CPU.ActiveCfg = Debug|Any CPU
		{EA313899-EDCC-41E2-A874-B27DEE9D9F20}.Debug|Any CPU.Build.0 = Debug|Any CPU
		{EA313899-EDCC-41E2-A874-B27DEE9D9F20}.Release|Any CPU.ActiveCfg = Release|Any CPU
		{EA313899-EDCC-41E2-A874-B27DEE9D9F20}.Release|Any CPU.Build.0 = Release|Any CPU
		{F3C5094D-0D3E-4063-8025-00EAF35DD873}.Debug|Any CPU.ActiveCfg = Debug|Any CPU
		{F3C5094D-0D3E-4063-8025-00EAF35DD873}.Debug|Any CPU.Build.0 = Debug|Any CPU
		{F3C5094D-0D3E-4063-8025-00EAF35DD873}.Release|Any CPU.ActiveCfg = Release|Any CPU
		{F3C5094D-0D3E-4063-8025-00EAF35DD873}.Release|Any CPU.Build.0 = Release|Any CPU
		{2F04B6CE-0BCE-44FA-9AF1-0D6A869FDAA4}.Debug|Any CPU.ActiveCfg = Debug|Any CPU
		{2F04B6CE-0BCE-44FA-9AF1-0D6A869FDAA4}.Debug|Any CPU.Build.0 = Debug|Any CPU
		{2F04B6CE-0BCE-44FA-9AF1-0D6A869FDAA4}.Release|Any CPU.ActiveCfg = Release|Any CPU
		{2F04B6CE-0BCE-44FA-9AF1-0D6A869FDAA4}.Release|Any CPU.Build.0 = Release|Any CPU
		{293BD1AE-6CC9-4FBB-8366-98CA9E314B1A}.Debug|Any CPU.ActiveCfg = Debug|Any CPU
		{293BD1AE-6CC9-4FBB-8366-98CA9E314B1A}.Debug|Any CPU.Build.0 = Debug|Any CPU
		{293BD1AE-6CC9-4FBB-8366-98CA9E314B1A}.Release|Any CPU.ActiveCfg = Release|Any CPU
		{293BD1AE-6CC9-4FBB-8366-98CA9E314B1A}.Release|Any CPU.Build.0 = Release|Any CPU
		{5C7871B1-BE1A-4A10-A8C2-08A5CFD58D1A}.Debug|Any CPU.ActiveCfg = Debug|Any CPU
		{5C7871B1-BE1A-4A10-A8C2-08A5CFD58D1A}.Debug|Any CPU.Build.0 = Debug|Any CPU
		{5C7871B1-BE1A-4A10-A8C2-08A5CFD58D1A}.Release|Any CPU.ActiveCfg = Release|Any CPU
		{5C7871B1-BE1A-4A10-A8C2-08A5CFD58D1A}.Release|Any CPU.Build.0 = Release|Any CPU
		{B29857B4-A6DC-421C-8415-ED80C0377FC3}.Debug|Any CPU.ActiveCfg = Debug|Any CPU
		{B29857B4-A6DC-421C-8415-ED80C0377FC3}.Debug|Any CPU.Build.0 = Debug|Any CPU
		{B29857B4-A6DC-421C-8415-ED80C0377FC3}.Release|Any CPU.ActiveCfg = Release|Any CPU
		{B29857B4-A6DC-421C-8415-ED80C0377FC3}.Release|Any CPU.Build.0 = Release|Any CPU
		{8F98DD50-9ADB-423C-B03F-6C11DDBA9DEA}.Debug|Any CPU.ActiveCfg = Debug|Any CPU
		{8F98DD50-9ADB-423C-B03F-6C11DDBA9DEA}.Debug|Any CPU.Build.0 = Debug|Any CPU
		{8F98DD50-9ADB-423C-B03F-6C11DDBA9DEA}.Release|Any CPU.ActiveCfg = Release|Any CPU
		{8F98DD50-9ADB-423C-B03F-6C11DDBA9DEA}.Release|Any CPU.Build.0 = Release|Any CPU
		{3311C7B7-1FF4-4188-A9B5-98572A8E042E}.Debug|Any CPU.ActiveCfg = Debug|Any CPU
		{3311C7B7-1FF4-4188-A9B5-98572A8E042E}.Debug|Any CPU.Build.0 = Debug|Any CPU
		{3311C7B7-1FF4-4188-A9B5-98572A8E042E}.Release|Any CPU.ActiveCfg = Release|Any CPU
		{3311C7B7-1FF4-4188-A9B5-98572A8E042E}.Release|Any CPU.Build.0 = Release|Any CPU
		{843CCFB4-0E21-45A2-844C-9380810A02D1}.Debug|Any CPU.ActiveCfg = Debug|Any CPU
		{843CCFB4-0E21-45A2-844C-9380810A02D1}.Debug|Any CPU.Build.0 = Debug|Any CPU
		{843CCFB4-0E21-45A2-844C-9380810A02D1}.Release|Any CPU.ActiveCfg = Release|Any CPU
		{843CCFB4-0E21-45A2-844C-9380810A02D1}.Release|Any CPU.Build.0 = Release|Any CPU
		{5B476F4A-8CE3-4927-89F0-AB5370635805}.Debug|Any CPU.ActiveCfg = Debug|Any CPU
		{5B476F4A-8CE3-4927-89F0-AB5370635805}.Debug|Any CPU.Build.0 = Debug|Any CPU
		{5B476F4A-8CE3-4927-89F0-AB5370635805}.Release|Any CPU.ActiveCfg = Release|Any CPU
		{5B476F4A-8CE3-4927-89F0-AB5370635805}.Release|Any CPU.Build.0 = Release|Any CPU
		{D04E906C-99D3-45A7-98DD-3F31AE13B3DC}.Debug|Any CPU.ActiveCfg = Debug|Any CPU
		{D04E906C-99D3-45A7-98DD-3F31AE13B3DC}.Debug|Any CPU.Build.0 = Debug|Any CPU
		{D04E906C-99D3-45A7-98DD-3F31AE13B3DC}.Release|Any CPU.ActiveCfg = Release|Any CPU
		{D04E906C-99D3-45A7-98DD-3F31AE13B3DC}.Release|Any CPU.Build.0 = Release|Any CPU
		{E292E4E0-D6DB-4246-B7C3-F963490B2AD0}.Debug|Any CPU.ActiveCfg = Debug|Any CPU
		{E292E4E0-D6DB-4246-B7C3-F963490B2AD0}.Debug|Any CPU.Build.0 = Debug|Any CPU
		{E292E4E0-D6DB-4246-B7C3-F963490B2AD0}.Release|Any CPU.ActiveCfg = Release|Any CPU
		{E292E4E0-D6DB-4246-B7C3-F963490B2AD0}.Release|Any CPU.Build.0 = Release|Any CPU
		{698A5563-4000-4871-AEE6-07B66F9031CC}.Debug|Any CPU.ActiveCfg = Debug|Any CPU
		{698A5563-4000-4871-AEE6-07B66F9031CC}.Debug|Any CPU.Build.0 = Debug|Any CPU
		{698A5563-4000-4871-AEE6-07B66F9031CC}.Release|Any CPU.ActiveCfg = Release|Any CPU
		{698A5563-4000-4871-AEE6-07B66F9031CC}.Release|Any CPU.Build.0 = Release|Any CPU
		{1AB52E55-0831-453A-9FE8-40C19EF15817}.Debug|Any CPU.ActiveCfg = Debug|Any CPU
		{1AB52E55-0831-453A-9FE8-40C19EF15817}.Debug|Any CPU.Build.0 = Debug|Any CPU
		{1AB52E55-0831-453A-9FE8-40C19EF15817}.Release|Any CPU.ActiveCfg = Release|Any CPU
		{1AB52E55-0831-453A-9FE8-40C19EF15817}.Release|Any CPU.Build.0 = Release|Any CPU
	EndGlobalSection
	GlobalSection(SolutionProperties) = preSolution
		HideSolutionNode = FALSE
	EndGlobalSection
	GlobalSection(ExtensibilityGlobals) = postSolution
		SolutionGuid = {63D0814B-C05A-4DDA-875C-29C6DFBF0915}
	EndGlobalSection
EndGlobal
